<Solution>
  <Folder Name="/src/">
    <Project Path="src/IDDSCommunity.IntrusionDetection.Admin/IDDSCommunity.IntrusionDetection.Admin.csproj" />
    <Project Path="src/IDDSCommunity.IntrusionDetection.Api/IDDSCommunity.IntrusionDetection.Api.csproj" />
    <Project Path="src/IDDSCommunity.IntrusionDetection.Base/IDDSCommunity.IntrusionDetection.Base.Plugins.csproj" />
    <Project Path="src/IDDSCommunity.IntrusionDetection.Service/IDDSCommunity.IntrusionDetection.Service.csproj" />
    <Project Path="src/IDDSCommunity.IntrusionDetection.Setup/IDDSCommunity.IntrusionDetection.Setup.csproj" />
    <Project Path="src/IDDSCommunity.IntrusionDetection.Shared/IDDSCommunity.IntrusionDetection.Shared.csproj" />
  </Folder>
  <Folder Name="/agents/">
    <Project Path="agents/IDDSCommunity.Agents.Authentication.Common/IDDSCommunity.Agents.Authentication.Common.csproj" />
    <Project Path="agents/IDDSCommunity.Agents.FileMaker/IDDSCommunity.Agents.FileMaker.csproj" />
    <Project Path="agents/IDDSCommunity.Agents.FileZilla/IDDSCommunity.Agents.FileZilla.csproj" />
    <Project Path="agents/IDDSCommunity.Agents.FtpServer/IDDSCommunity.Agents.FtpServer.csproj" />
    <Project Path="agents/IDDSCommunity.Agents.IisAuthentication/IDDSCommunity.Agents.IisAuthentication.csproj" />
    <Project Path="agents/IDDSCommunity.Agents.MailServer/IDDSCommunity.Agents.MailServer.csproj" />
    <Project Path="agents/IDDSCommunity.Agents.MySql/IDDSCommunity.Agents.MySql.csproj" />
    <Project Path="agents/IDDSCommunity.Agents.OpenSsh/IDDSCommunity.Agents.OpenSsh.csproj" />
    <Project Path="agents/IDDSCommunity.Agents.PostgreSql/IDDSCommunity.Agents.PostgreSql.csproj" />
    <Project Path="agents/IDDSCommunity.Agents.Radius/IDDSCommunity.Agents.Radius.csproj" />
    <Project Path="agents/IDDSCommunity.Agents.RemoteDesktopGateway/IDDSCommunity.Agents.RemoteDesktopGateway.csproj" />
    <Project Path="agents/IDDSCommunity.Agents.SqlServer/IDDSCommunity.Agents.SqlServer.csproj" />
    <Project Path="agents/IDDSCommunity.Agents.TechnitiumDns/IDDSCommunity.Agents.TechnitiumDns.csproj" />
    <Project Path="agents/IDDSCommunity.Agents.TerminalServer/IDDSCommunity.Agents.TerminalServer.csproj" />
    <Project Path="agents/IDDSCommunity.Agents.WebSecurity/IDDSCommunity.Agents.WebSecurity.csproj" />
    <Project Path="agents/IDDSCommunity.Agents.WindowsDns/IDDSCommunity.Agents.WindowsDns.csproj" />
    <Project Path="agents/IDDSCommunity.Agents.WindowsNetworkLogon/IDDSCommunity.Agents.WindowsNetworkLogon.csproj" />
    <Project Path="agents/IDDSCommunity.Agents.WinRm/IDDSCommunity.Agents.WinRm.csproj" />
  </Folder>
  <Folder Name="/tests/">
    <Project Path="tests/IDDSCommunity.Agents.Authentication.Test/IDDSCommunity.Agents.Authentication.Test.csproj" />
    <Project Path="tests/IDDSCommunity.Agents.FileMaker.Test/IDDSCommunity.Agents.FileMaker.Test.csproj" />
    <Project Path="tests/IDDSCommunity.Agents.FileZilla.Test/IDDSCommunity.Agents.FileZilla.Test.csproj" />
    <Project Path="tests/IDDSCommunity.Agents.FtpServer.Test/IDDSCommunity.Agents.FtpServer.Test.csproj" />
    <Project Path="tests/IDDSCommunity.Agents.IisAuthentication.Test/IDDSCommunity.Agents.IisAuthentication.Test.csproj" />
    <Project Path="tests/IDDSCommunity.Agents.MailServer.Test/IDDSCommunity.Agents.MailServer.Test.csproj" />
    <Project Path="tests/IDDSCommunity.Agents.MySql.Test/IDDSCommunity.Agents.MySql.Test.csproj" />
    <Project Path="tests/IDDSCommunity.Agents.OpenSsh.Test/IDDSCommunity.Agents.OpenSsh.Test.csproj" />
    <Project Path="tests/IDDSCommunity.Agents.PostgreSql.Test/IDDSCommunity.Agents.PostgreSql.Test.csproj" />
    <Project Path="tests/IDDSCommunity.Agents.Radius.Test/IDDSCommunity.Agents.Radius.Test.csproj" />
    <Project Path="tests/IDDSCommunity.Agents.RemoteDesktopGateway.Test/IDDSCommunity.Agents.RemoteDesktopGateway.Test.csproj" />
    <Project Path="tests/IDDSCommunity.Agents.SqlServer.Test/IDDSCommunity.Agents.SqlServer.Test.csproj" />
    <Project Path="tests/IDDSCommunity.Agents.TechnitiumDns.Test/IDDSCommunity.Agents.TechnitiumDns.Test.csproj" />
    <Project Path="tests/IDDSCommunity.Agents.TerminalServer.Test/IDDSCommunity.Agents.TerminalServer.Test.csproj" />
    <Project Path="tests/IDDSCommunity.Agents.WebSecurity.Test/IDDSCommunity.Agents.WebSecurity.Test.csproj" />
    <Project Path="tests/IDDSCommunity.Agents.WindowsAuthentication.Test/IDDSCommunity.Agents.WindowsAuthentication.Test.csproj" />
    <Project Path="tests/IDDSCommunity.Agents.WindowsDns.Test/IDDSCommunity.Agents.WindowsDns.Test.csproj" />
    <Project Path="tests/IDDSCommunity.Agents.WindowsNetworkLogon.Test/IDDSCommunity.Agents.WindowsNetworkLogon.Test.csproj" />
    <Project Path="tests/IDDSCommunity.Agents.WinRm.Test/IDDSCommunity.Agents.WinRm.Test.csproj" />
    <Project Path="tests/IDDSCommunity.IntrusionDetection.Service.Test/IDDSCommunity.IntrusionDetection.Service.Test.csproj" />
    <Project Path="tests/IDDSCommunity.IntrusionDetection.Setup.Test/IDDSCommunity.IntrusionDetection.Setup.Test.csproj" />
    <Project Path="tests/IDDSCommunity.IntrusionDetection.Shared.Test/IDDSCommunity.IntrusionDetection.Shared.Test.csproj" />
  </Folder>
  <Folder Name="/samples/">
    <Project Path="samples/DemoAgent/DemoAgent.csproj" />
  </Folder>
  <Folder Name="/tools/">
    <Project Path="tools/IDDSCommunity.DatabaseDiagnostics/IDDSCommunity.DatabaseDiagnostics.csproj" />
  </Folder>
</Solution>
