<Solution>
  <Project Path="IDDSCommunity.Agents.Authentication.Common/IDDSCommunity.Agents.Authentication.Common.csproj" />
  <Project Path="IDDSCommunity.Agents.Authentication.Test/IDDSCommunity.Agents.Authentication.Test.csproj" />
  <Project Path="IDDSCommunity.Agents.FileMaker/IDDSCommunity.Agents.FileMaker.csproj" />
  <Project Path="IDDSCommunity.Agents.FtpServer/IDDSCommunity.Agents.FtpServer.csproj" />
  <Project Path="IDDSCommunity.Agents.MailServer/IDDSCommunity.Agents.MailServer.csproj" />
  <Project Path="IDDSCommunity.Agents.MailServer.Test/IDDSCommunity.Agents.MailServer.Test.csproj" />
  <Project Path="IDDSCommunity.Agents.IisAuthentication/IDDSCommunity.Agents.IisAuthentication.csproj" />
  <Project Path="IDDSCommunity.Agents.MySql/IDDSCommunity.Agents.MySql.csproj" />
  <Project Path="IDDSCommunity.Agents.MySql.Test/IDDSCommunity.Agents.MySql.Test.csproj" />
  <Project Path="IDDSCommunity.Agents.OpenSsh/IDDSCommunity.Agents.OpenSsh.csproj" />
  <Project Path="IDDSCommunity.Agents.OpenSsh.Test/IDDSCommunity.Agents.OpenSsh.Test.csproj" />
  <Project Path="IDDSCommunity.Agents.PostgreSql/IDDSCommunity.Agents.PostgreSql.csproj" />
  <Project Path="IDDSCommunity.Agents.PostgreSql.Test/IDDSCommunity.Agents.PostgreSql.Test.csproj" />
  <Project Path="IDDSCommunity.Agents.Radius/IDDSCommunity.Agents.Radius.csproj" />
  <Project Path="IDDSCommunity.Agents.Radius.Test/IDDSCommunity.Agents.Radius.Test.csproj" />
  <Project Path="IDDSCommunity.Agents.SqlServer/IDDSCommunity.Agents.SqlServer.csproj" />
  <Project Path="IDDSCommunity.Agents.TerminalServer/IDDSCommunity.Agents.TerminalServer.csproj" />
  <Project Path="IDDSCommunity.Agents.WindowsAuthentication.Test/IDDSCommunity.Agents.WindowsAuthentication.Test.csproj" />
  <Project Path="IDDSCommunity.Agents.WebSecurity/IDDSCommunity.Agents.WebSecurity.csproj" />
  <Project Path="IDDSCommunity.Agents.WindowsDns/IDDSCommunity.Agents.WindowsDns.csproj" />
  <Project Path="IDDSCommunity.Agents.WindowsNetworkLogon/IDDSCommunity.Agents.WindowsNetworkLogon.csproj" />
  <Project Path="IDDSCommunity.Agents.WindowsNetworkLogon.Test/IDDSCommunity.Agents.WindowsNetworkLogon.Test.csproj" />
  <Project Path="IDDSCommunity.Agents.WindowsDns.Test/IDDSCommunity.Agents.WindowsDns.Test.csproj" />
  <Project Path="IDDSCommunity.IntrusionDetection.Admin/IDDSCommunity.IntrusionDetection.Admin.csproj" />
  <Project Path="IDDSCommunity.IntrusionDetection.Api/IDDSCommunity.IntrusionDetection.Api.csproj" />
  <Project Path="IDDSCommunity.IntrusionDetection.Base/IDDSCommunity.IntrusionDetection.Base.Plugins.csproj" />
  <Project Path="IDDSCommunity.IntrusionDetection.Service/IDDSCommunity.IntrusionDetection.Service.csproj" />
  <Project Path="IDDSCommunity.IntrusionDetection.Setup/IDDSCommunity.IntrusionDetection.Setup.csproj" />
  <Project Path="IDDSCommunity.IntrusionDetection.Service.Test/IDDSCommunity.IntrusionDetection.Service.Test.csproj" />
  <Project Path="IDDSCommunity.IntrusionDetection.Shared/IDDSCommunity.IntrusionDetection.Shared.csproj" />
  <Project Path="IDDSCommunity.IntrusionDetection.Shared.Test/IDDSCommunity.IntrusionDetection.Shared.Test.csproj" />
</Solution>
