{
  "version": 2,
  "dependencies": {
    "net10.0-windows7.0": {
      "IDDSCommunity.Authentication.Common": {
        "type": "Project",
        "dependencies": {
          "IDDSCommunity.IntrusionDetection.Api": "[3.0.0, )"
        }
      },
      "iddscommunity.intrusiondetection.api": {
        "type": "Project"
      }
    },
    "net10.0-windows7.0/win-arm64": {},
    "net10.0-windows7.0/win-x64": {}
  }
}